
Microsoft Visual Studio Solution File, Format Version 12.00
# Visual Studio Version 17
VisualStudioVersion = 17.13.35931.197 d17.13
MinimumVisualStudioVersion = 10.0.40219.1
Project("{FAE04EC0-301F-11D3-BF4B-00C04F79EFBC}") = "TesteVS", "TesteVS\TesteVS.csproj", "{2DD9442E-234A-48BA-A570-9FE84DAA8463}"
EndProject
Global
	GlobalSection(SolutionConfigurationPlatforms) = preSolution
		Debug|Any CPU = Debug|Any CPU
		Release|Any CPU = Release|Any CPU
	EndGlobalSection
	GlobalSection(ProjectConfigurationPlatforms) = postSolution
		{2DD9442E-234A-48BA-A570-9FE84DAA8463}.Debug|Any CPU.ActiveCfg = Debug|Any CPU
		{2DD9442E-234A-48BA-A570-9FE84DAA8463}.Debug|Any CPU.Build.0 = Debug|Any CPU
		{2DD9442E-234A-48BA-A570-9FE84DAA8463}.Release|Any CPU.ActiveCfg = Release|Any CPU
		{2DD9442E-234A-48BA-A570-9FE84DAA8463}.Release|Any CPU.Build.0 = Release|Any CPU
	EndGlobalSection
	GlobalSection(SolutionProperties) = preSolution
		HideSolutionNode = FALSE
	EndGlobalSection
	GlobalSection(ExtensibilityGlobals) = postSolution
		SolutionGuid = {6469633C-D711-4619-8935-9A10EDEDC28B}
	EndGlobalSection
EndGlobal
